
Microsoft Visual Studio Solution File, Format Version 12.00
# Visual Studio 15
Project("{FAE04EC0-301F-11D3-BF4B-00C04F79EFBC}") = "Assembly-CSharp", "Assembly-CSharp.csproj", "{511BE86E-F72A-9A3F-2694-C560C0EDA5C9}"
EndProject
Project("{FAE04EC0-301F-11D3-BF4B-00C04F79EFBC}") = "Assembly-CSharp-Editor", "Assembly-CSharp-Editor.csproj", "{C8C868FE-C3AB-ED22-AE82-407635838A56}"
EndProject
Global
	GlobalSection(SolutionConfigurationPlatforms) = preSolution
		Debug|Any CPU = Debug|Any CPU
		Release|Any CPU = Release|Any CPU
	EndGlobalSection
	GlobalSection(ProjectConfigurationPlatforms) = postSolution
		{511BE86E-F72A-9A3F-2694-C560C0EDA5C9}.Debug|Any CPU.ActiveCfg = Debug|Any CPU
		{511BE86E-F72A-9A3F-2694-C560C0EDA5C9}.Debug|Any CPU.Build.0 = Debug|Any CPU
		{511BE86E-F72A-9A3F-2694-C560C0EDA5C9}.Release|Any CPU.ActiveCfg = Release|Any CPU
		{511BE86E-F72A-9A3F-2694-C560C0EDA5C9}.Release|Any CPU.Build.0 = Release|Any CPU
		{C8C868FE-C3AB-ED22-AE82-407635838A56}.Debug|Any CPU.ActiveCfg = Debug|Any CPU
		{C8C868FE-C3AB-ED22-AE82-407635838A56}.Debug|Any CPU.Build.0 = Debug|Any CPU
		{C8C868FE-C3AB-ED22-AE82-407635838A56}.Release|Any CPU.ActiveCfg = Release|Any CPU
		{C8C868FE-C3AB-ED22-AE82-407635838A56}.Release|Any CPU.Build.0 = Release|Any CPU
	EndGlobalSection
	GlobalSection(SolutionProperties) = preSolution
		HideSolutionNode = FALSE
	EndGlobalSection
	GlobalSection(MonoDevelopProperties) = preSolution
		StartupItem = Assembly-CSharp.csproj
	EndGlobalSection
EndGlobal
